{
  "originHash" : "669e39cee4b9a959079c644a4b709931519220e990aef01ed70964c38e5631c3",
  "pins" : [
    {
      "identity" : "adaptysdk-ios",
      "kind" : "remoteSourceControl",
      "location" : "https://github.com/adaptyteam/AdaptySDK-iOS.git",
      "state" : {
        "revision" : "26f5a8abdd0e51987b8c943d77077c65603db65c",
        "version" : "3.8.0"
      }
    }
  ],
  "version" : 3
}
